
Microsoft Visual Studio Solution File, Format Version 12.00
# Visual Studio 2013
VisualStudioVersion = 12.0.40121.0
MinimumVisualStudioVersion = 10.0.40219.1
Project("{FAE04EC0-301F-11D3-BF4B-00C04F79EFBC}") = "01.Fill the matrix", "01.Fill the matrix\01.Fill the matrix.csproj", "{5F2EC756-51D5-4F99-9C6F-4EF8CB0B8BD4}"
EndProject
Project("{FAE04EC0-301F-11D3-BF4B-00C04F79EFBC}") = "02.Maximal sum", "02.Maximal sum\02.Maximal sum.csproj", "{549B2E70-21D0-40DA-94FE-E1E1808B76AF}"
EndProject
Project("{FAE04EC0-301F-11D3-BF4B-00C04F79EFBC}") = "03.Sequence n matrix", "03.Sequence n matrix\03.Sequence n matrix.csproj", "{8AD3A6DE-63AD-4B80-A33F-AFEA29878898}"
EndProject
Project("{FAE04EC0-301F-11D3-BF4B-00C04F79EFBC}") = "04.Binary search", "04.Binary search\04.Binary search.csproj", "{5D3DAE3A-1FC0-4574-8898-F2FC9FC3AAEA}"
EndProject
Project("{FAE04EC0-301F-11D3-BF4B-00C04F79EFBC}") = "05.Sort by string length", "05.Sort by string length\05.Sort by string length.csproj", "{0EC8EAF6-9D47-4F46-B32D-D69C576002C5}"
EndProject
Global
	GlobalSection(SolutionConfigurationPlatforms) = preSolution
		Debug|Any CPU = Debug|Any CPU
		Release|Any CPU = Release|Any CPU
	EndGlobalSection
	GlobalSection(ProjectConfigurationPlatforms) = postSolution
		{5F2EC756-51D5-4F99-9C6F-4EF8CB0B8BD4}.Debug|Any CPU.ActiveCfg = Debug|Any CPU
		{5F2EC756-51D5-4F99-9C6F-4EF8CB0B8BD4}.Debug|Any CPU.Build.0 = Debug|Any CPU
		{5F2EC756-51D5-4F99-9C6F-4EF8CB0B8BD4}.Release|Any CPU.ActiveCfg = Release|Any CPU
		{5F2EC756-51D5-4F99-9C6F-4EF8CB0B8BD4}.Release|Any CPU.Build.0 = Release|Any CPU
		{549B2E70-21D0-40DA-94FE-E1E1808B76AF}.Debug|Any CPU.ActiveCfg = Debug|Any CPU
		{549B2E70-21D0-40DA-94FE-E1E1808B76AF}.Debug|Any CPU.Build.0 = Debug|Any CPU
		{549B2E70-21D0-40DA-94FE-E1E1808B76AF}.Release|Any CPU.ActiveCfg = Release|Any CPU
		{549B2E70-21D0-40DA-94FE-E1E1808B76AF}.Release|Any CPU.Build.0 = Release|Any CPU
		{8AD3A6DE-63AD-4B80-A33F-AFEA29878898}.Debug|Any CPU.ActiveCfg = Debug|Any CPU
		{8AD3A6DE-63AD-4B80-A33F-AFEA29878898}.Debug|Any CPU.Build.0 = Debug|Any CPU
		{8AD3A6DE-63AD-4B80-A33F-AFEA29878898}.Release|Any CPU.ActiveCfg = Release|Any CPU
		{8AD3A6DE-63AD-4B80-A33F-AFEA29878898}.Release|Any CPU.Build.0 = Release|Any CPU
		{5D3DAE3A-1FC0-4574-8898-F2FC9FC3AAEA}.Debug|Any CPU.ActiveCfg = Debug|Any CPU
		{5D3DAE3A-1FC0-4574-8898-F2FC9FC3AAEA}.Debug|Any CPU.Build.0 = Debug|Any CPU
		{5D3DAE3A-1FC0-4574-8898-F2FC9FC3AAEA}.Release|Any CPU.ActiveCfg = Release|Any CPU
		{5D3DAE3A-1FC0-4574-8898-F2FC9FC3AAEA}.Release|Any CPU.Build.0 = Release|Any CPU
		{0EC8EAF6-9D47-4F46-B32D-D69C576002C5}.Debug|Any CPU.ActiveCfg = Debug|Any CPU
		{0EC8EAF6-9D47-4F46-B32D-D69C576002C5}.Debug|Any CPU.Build.0 = Debug|Any CPU
		{0EC8EAF6-9D47-4F46-B32D-D69C576002C5}.Release|Any CPU.ActiveCfg = Release|Any CPU
		{0EC8EAF6-9D47-4F46-B32D-D69C576002C5}.Release|Any CPU.Build.0 = Release|Any CPU
	EndGlobalSection
	GlobalSection(SolutionProperties) = preSolution
		HideSolutionNode = FALSE
	EndGlobalSection
EndGlobal
